// !$*UTF8*$!
{
	archiveVersion = 1;
	classes = {
	};
	objectVersion = 46;
	objects = {

/* Begin PBXBuildFile section */
		EC12F2B61C9AE4E40049028B /* AppDelegate.swift in Sources */ = {isa = PBXBuildFile; fileRef = EC12F2B51C9AE4E40049028B /* AppDelegate.swift */; };
		EC12F2BB1C9AE4E40049028B /* Main.storyboard in Resources */ = {isa = PBXBuildFile; fileRef = EC12F2B91C9AE4E40049028B /* Main.storyboard */; };
		EC12F2BD1C9AE4E40049028B /* Assets.xcassets in Resources */ = {isa = PBXBuildFile; fileRef = EC12F2BC1C9AE4E40049028B /* Assets.xcassets */; };
		EC12F2C01C9AE4E40049028B /* LaunchScreen.storyboard in Resources */ = {isa = PBXBuildFile; fileRef = EC12F2BE1C9AE4E40049028B /* LaunchScreen.storyboard */; };
		EC12F2CB1C9AE4E40049028B /* FlickrProjTests.swift in Sources */ = {isa = PBXBuildFile; fileRef = EC12F2CA1C9AE4E40049028B /* FlickrProjTests.swift */; };
		EC12F2D61C9AE4E40049028B /* FlickrProjUITests.swift in Sources */ = {isa = PBXBuildFile; fileRef = EC12F2D51C9AE4E40049028B /* FlickrProjUITests.swift */; };
		EC12F2E71C9AE53D0049028B /* FlickrApi.swift in Sources */ = {isa = PBXBuildFile; fileRef = EC12F2E61C9AE53D0049028B /* FlickrApi.swift */; };
		EC12F2EA1C9AE55C0049028B /* ViewController.swift in Sources */ = {isa = PBXBuildFile; fileRef = EC12F2E91C9AE55C0049028B /* ViewController.swift */; };
/* End PBXBuildFile section */

/* Begin PBXContainerItemProxy section */
		EC12F2C71C9AE4E40049028B /* PBXContainerItemProxy */ = {
			isa = PBXContainerItemProxy;
			containerPortal = EC12F2AA1C9AE4E40049028B /* Project object */;
			proxyType = 1;
			remoteGlobalIDString = EC12F2B11C9AE4E40049028B;
			remoteInfo = FlickrProj;
		};
		EC12F2D21C9AE4E40049028B /* PBXContainerItemProxy */ = {
			isa = PBXContainerItemProxy;
			containerPortal = EC12F2AA1C9AE4E40049028B /* Project object */;
			proxyType = 1;
			remoteGlobalIDString = EC12F2B11C9AE4E40049028B;
			remoteInfo = FlickrProj;
		};
/* End PBXContainerItemProxy section */

/* Begin PBXFileReference section */
		EC12F2B21C9AE4E40049028B /* FlickrProj.app */ = {isa = PBXFileReference; explicitFileType = wrapper.application; includeInIndex = 0; path = FlickrProj.app; sourceTree = BUILT_PRODUCTS_DIR; };
		EC12F2B51C9AE4E40049028B /* AppDelegate.swift */ = {isa = PBXFileReference; lastKnownFileType = sourcecode.swift; path = AppDelegate.swift; sourceTree = "<group>"; };
		EC12F2BA1C9AE4E40049028B /* Base */ = {isa = PBXFileReference; lastKnownFileType = file.storyboard; name = Base; path = Base.lproj/Main.storyboard; sourceTree = "<group>"; };
		EC12F2BC1C9AE4E40049028B /* Assets.xcassets */ = {isa = PBXFileReference; lastKnownFileType = folder.assetcatalog; path = Assets.xcassets; sourceTree = "<group>"; };
		EC12F2BF1C9AE4E40049028B /* Base */ = {isa = PBXFileReference; lastKnownFileType = file.storyboard; name = Base; path = Base.lproj/LaunchScreen.storyboard; sourceTree = "<group>"; };
		EC12F2C11C9AE4E40049028B /* Info.plist */ = {isa = PBXFileReference; lastKnownFileType = text.plist.xml; path = Info.plist; sourceTree = "<group>"; };
		EC12F2C61C9AE4E40049028B /* FlickrProjTests.xctest */ = {isa = PBXFileReference; explicitFileType = wrapper.cfbundle; includeInIndex = 0; path = FlickrProjTests.xctest; sourceTree = BUILT_PRODUCTS_DIR; };
		EC12F2CA1C9AE4E40049028B /* FlickrProjTests.swift */ = {isa = PBXFileReference; lastKnownFileType = sourcecode.swift; path = FlickrProjTests.swift; sourceTree = "<group>"; };
		EC12F2CC1C9AE4E40049028B /* Info.plist */ = {isa = PBXFileReference; lastKnownFileType = text.plist.xml; path = Info.plist; sourceTree = "<group>"; };
		EC12F2D11C9AE4E40049028B /* FlickrProjUITests.xctest */ = {isa = PBXFileReference; explicitFileType = wrapper.cfbundle; includeInIndex = 0; path = FlickrProjUITests.xctest; sourceTree = BUILT_PRODUCTS_DIR; };
		EC12F2D51C9AE4E40049028B /* FlickrProjUITests.swift */ = {isa = PBXFileReference; lastKnownFileType = sourcecode.swift; path = FlickrProjUITests.swift; sourceTree = "<group>"; };
		EC12F2D71C9AE4E40049028B /* Info.plist */ = {isa = PBXFileReference; lastKnownFileType = text.plist.xml; path = Info.plist; sourceTree = "<group>"; };
		EC12F2E61C9AE53D0049028B /* FlickrApi.swift */ = {isa = PBXFileReference; fileEncoding = 4; lastKnownFileType = sourcecode.swift; path = FlickrApi.swift; sourceTree = "<group>"; };
		EC12F2E91C9AE55C0049028B /* ViewController.swift */ = {isa = PBXFileReference; fileEncoding = 4; lastKnownFileType = sourcecode.swift; path = ViewController.swift; sourceTree = "<group>"; };
/* End PBXFileReference section */

/* Begin PBXFrameworksBuildPhase section */
		EC12F2AF1C9AE4E40049028B /* Frameworks */ = {
			isa = PBXFrameworksBuildPhase;
			buildActionMask = 2147483647;
			files = (
			);
			runOnlyForDeploymentPostprocessing = 0;
		};
		EC12F2C31C9AE4E40049028B /* Frameworks */ = {
			isa = PBXFrameworksBuildPhase;
			buildActionMask = 2147483647;
			files = (
			);
			runOnlyForDeploymentPostprocessing = 0;
		};
		EC12F2CE1C9AE4E40049028B /* Frameworks */ = {
			isa = PBXFrameworksBuildPhase;
			buildActionMask = 2147483647;
			files = (
			);
			runOnlyForDeploymentPostprocessing = 0;
		};
/* End PBXFrameworksBuildPhase section */

/* Begin PBXGroup section */
		EC12F2A91C9AE4E40049028B = {
			isa = PBXGroup;
			children = (
				EC12F2B41C9AE4E40049028B /* FlickrProj */,
				EC12F2C91C9AE4E40049028B /* FlickrProjTests */,
				EC12F2D41C9AE4E40049028B /* FlickrProjUITests */,
				EC12F2B31C9AE4E40049028B /* Products */,
			);
			sourceTree = "<group>";
		};
		EC12F2B31C9AE4E40049028B /* Products */ = {
			isa = PBXGroup;
			children = (
				EC12F2B21C9AE4E40049028B /* FlickrProj.app */,
				EC12F2C61C9AE4E40049028B /* FlickrProjTests.xctest */,
				EC12F2D11C9AE4E40049028B /* FlickrProjUITests.xctest */,
			);
			name = Products;
			sourceTree = "<group>";
		};
		EC12F2B41C9AE4E40049028B /* FlickrProj */ = {
			isa = PBXGroup;
			children = (
				EC12F2E81C9AE55C0049028B /* Controllers */,
				EC12F2E51C9AE53D0049028B /* FlickrApi */,
				EC12F2B51C9AE4E40049028B /* AppDelegate.swift */,
				EC12F2B91C9AE4E40049028B /* Main.storyboard */,
				EC12F2BC1C9AE4E40049028B /* Assets.xcassets */,
				EC12F2BE1C9AE4E40049028B /* LaunchScreen.storyboard */,
				EC12F2C11C9AE4E40049028B /* Info.plist */,
			);
			path = FlickrProj;
			sourceTree = "<group>";
		};
		EC12F2C91C9AE4E40049028B /* FlickrProjTests */ = {
			isa = PBXGroup;
			children = (
				EC12F2CA1C9AE4E40049028B /* FlickrProjTests.swift */,
				EC12F2CC1C9AE4E40049028B /* Info.plist */,
			);
			path = FlickrProjTests;
			sourceTree = "<group>";
		};
		EC12F2D41C9AE4E40049028B /* FlickrProjUITests */ = {
			isa = PBXGroup;
			children = (
				EC12F2D51C9AE4E40049028B /* FlickrProjUITests.swift */,
				EC12F2D71C9AE4E40049028B /* Info.plist */,
			);
			path = FlickrProjUITests;
			sourceTree = "<group>";
		};
		EC12F2E51C9AE53D0049028B /* FlickrApi */ = {
			isa = PBXGroup;
			children = (
				EC12F2E61C9AE53D0049028B /* FlickrApi.swift */,
			);
			path = FlickrApi;
			sourceTree = "<group>";
		};
		EC12F2E81C9AE55C0049028B /* Controllers */ = {
			isa = PBXGroup;
			children = (
				EC12F2E91C9AE55C0049028B /* ViewController.swift */,
			);
			path = Controllers;
			sourceTree = "<group>";
		};
/* End PBXGroup section */

/* Begin PBXNativeTarget section */
		EC12F2B11C9AE4E40049028B /* FlickrProj */ = {
			isa = PBXNativeTarget;
			buildConfigurationList = EC12F2DA1C9AE4E40049028B /* Build configuration list for PBXNativeTarget "FlickrProj" */;
			buildPhases = (
				EC12F2AE1C9AE4E40049028B /* Sources */,
				EC12F2AF1C9AE4E40049028B /* Frameworks */,
				EC12F2B01C9AE4E40049028B /* Resources */,
			);
			buildRules = (
			);
			dependencies = (
			);
			name = FlickrProj;
			productName = FlickrProj;
			productReference = EC12F2B21C9AE4E40049028B /* FlickrProj.app */;
			productType = "com.apple.product-type.application";
		};
		EC12F2C51C9AE4E40049028B /* FlickrProjTests */ = {
			isa = PBXNativeTarget;
			buildConfigurationList = EC12F2DD1C9AE4E40049028B /* Build configuration list for PBXNativeTarget "FlickrProjTests" */;
			buildPhases = (
				EC12F2C21C9AE4E40049028B /* Sources */,
				EC12F2C31C9AE4E40049028B /* Frameworks */,
				EC12F2C41C9AE4E40049028B /* Resources */,
			);
			buildRules = (
			);
			dependencies = (
				EC12F2C81C9AE4E40049028B /* PBXTargetDependency */,
			);
			name = FlickrProjTests;
			productName = FlickrProjTests;
			productReference = EC12F2C61C9AE4E40049028B /* FlickrProjTests.xctest */;
			productType = "com.apple.product-type.bundle.unit-test";
		};
		EC12F2D01C9AE4E40049028B /* FlickrProjUITests */ = {
			isa = PBXNativeTarget;
			buildConfigurationList = EC12F2E01C9AE4E40049028B /* Build configuration list for PBXNativeTarget "FlickrProjUITests" */;
			buildPhases = (
				EC12F2CD1C9AE4E40049028B /* Sources */,
				EC12F2CE1C9AE4E40049028B /* Frameworks */,
				EC12F2CF1C9AE4E40049028B /* Resources */,
			);
			buildRules = (
			);
			dependencies = (
				EC12F2D31C9AE4E40049028B /* PBXTargetDependency */,
			);
			name = FlickrProjUITests;
			productName = FlickrProjUITests;
			productReference = EC12F2D11C9AE4E40049028B /* FlickrProjUITests.xctest */;
			productType = "com.apple.product-type.bundle.ui-testing";
		};
/* End PBXNativeTarget section */

/* Begin PBXProject section */
		EC12F2AA1C9AE4E40049028B /* Project object */ = {
			isa = PBXProject;
			attributes = {
				LastSwiftUpdateCheck = 0720;
				LastUpgradeCheck = 0720;
				ORGANIZATIONNAME = "Ismail El-Habbash";
				TargetAttributes = {
					EC12F2B11C9AE4E40049028B = {
						CreatedOnToolsVersion = 7.2.1;
					};
					EC12F2C51C9AE4E40049028B = {
						CreatedOnToolsVersion = 7.2.1;
						TestTargetID = EC12F2B11C9AE4E40049028B;
					};
					EC12F2D01C9AE4E40049028B = {
						CreatedOnToolsVersion = 7.2.1;
						TestTargetID = EC12F2B11C9AE4E40049028B;
					};
				};
			};
			buildConfigurationList = EC12F2AD1C9AE4E40049028B /* Build configuration list for PBXProject "FlickrProj" */;
			compatibilityVersion = "Xcode 3.2";
			developmentRegion = English;
			hasScannedForEncodings = 0;
			knownRegions = (
				en,
				Base,
			);
			mainGroup = EC12F2A91C9AE4E40049028B;
			productRefGroup = EC12F2B31C9AE4E40049028B /* Products */;
			projectDirPath = "";
			projectRoot = "";
			targets = (
				EC12F2B11C9AE4E40049028B /* FlickrProj */,
				EC12F2C51C9AE4E40049028B /* FlickrProjTests */,
				EC12F2D01C9AE4E40049028B /* FlickrProjUITests */,
			);
		};
/* End PBXProject section */

/* Begin PBXResourcesBuildPhase section */
		EC12F2B01C9AE4E40049028B /* Resources */ = {
			isa = PBXResourcesBuildPhase;
			buildActionMask = 2147483647;
			files = (
				EC12F2C01C9AE4E40049028B /* LaunchScreen.storyboard in Resources */,
				EC12F2BD1C9AE4E40049028B /* Assets.xcassets in Resources */,
				EC12F2BB1C9AE4E40049028B /* Main.storyboard in Resources */,
			);
			runOnlyForDeploymentPostprocessing = 0;
		};
		EC12F2C41C9AE4E40049028B /* Resources */ = {
			isa = PBXResourcesBuildPhase;
			buildActionMask = 2147483647;
			files = (
			);
			runOnlyForDeploymentPostprocessing = 0;
		};
		EC12F2CF1C9AE4E40049028B /* Resources */ = {
			isa = PBXResourcesBuildPhase;
			buildActionMask = 2147483647;
			files = (
			);
			runOnlyForDeploymentPostprocessing = 0;
		};
/* End PBXResourcesBuildPhase section */

/* Begin PBXSourcesBuildPhase section */
		EC12F2AE1C9AE4E40049028B /* Sources */ = {
			isa = PBXSourcesBuildPhase;
			buildActionMask = 2147483647;
			files = (
				EC12F2EA1C9AE55C0049028B /* ViewController.swift in Sources */,
				EC12F2B61C9AE4E40049028B /* AppDelegate.swift in Sources */,
				EC12F2E71C9AE53D0049028B /* FlickrApi.swift in Sources */,
			);
			runOnlyForDeploymentPostprocessing = 0;
		};
		EC12F2C21C9AE4E40049028B /* Sources */ = {
			isa = PBXSourcesBuildPhase;
			buildActionMask = 2147483647;
			files = (
				EC12F2CB1C9AE4E40049028B /* FlickrProjTests.swift in Sources */,
			);
			runOnlyForDeploymentPostprocessing = 0;
		};
		EC12F2CD1C9AE4E40049028B /* Sources */ = {
			isa = PBXSourcesBuildPhase;
			buildActionMask = 2147483647;
			files = (
				EC12F2D61C9AE4E40049028B /* FlickrProjUITests.swift in Sources */,
			);
			runOnlyForDeploymentPostprocessing = 0;
		};
/* End PBXSourcesBuildPhase section */

/* Begin PBXTargetDependency section */
		EC12F2C81C9AE4E40049028B /* PBXTargetDependency */ = {
			isa = PBXTargetDependency;
			target = EC12F2B11C9AE4E40049028B /* FlickrProj */;
			targetProxy = EC12F2C71C9AE4E40049028B /* PBXContainerItemProxy */;
		};
		EC12F2D31C9AE4E40049028B /* PBXTargetDependency */ = {
			isa = PBXTargetDependency;
			target = EC12F2B11C9AE4E40049028B /* FlickrProj */;
			targetProxy = EC12F2D21C9AE4E40049028B /* PBXContainerItemProxy */;
		};
/* End PBXTargetDependency section */

/* Begin PBXVariantGroup section */
		EC12F2B91C9AE4E40049028B /* Main.storyboard */ = {
			isa = PBXVariantGroup;
			children = (
				EC12F2BA1C9AE4E40049028B /* Base */,
			);
			name = Main.storyboard;
			sourceTree = "<group>";
		};
		EC12F2BE1C9AE4E40049028B /* LaunchScreen.storyboard */ = {
			isa = PBXVariantGroup;
			children = (
				EC12F2BF1C9AE4E40049028B /* Base */,
			);
			name = LaunchScreen.storyboard;
			sourceTree = "<group>";
		};
/* End PBXVariantGroup section */

/* Begin XCBuildConfiguration section */
		EC12F2D81C9AE4E40049028B /* Debug */ = {
			isa = XCBuildConfiguration;
			buildSettings = {
				ALWAYS_SEARCH_USER_PATHS = NO;
				CLANG_CXX_LANGUAGE_STANDARD = "gnu++0x";
				CLANG_CXX_LIBRARY = "libc++";
				CLANG_ENABLE_MODULES = YES;
				CLANG_ENABLE_OBJC_ARC = YES;
				CLANG_WARN_BOOL_CONVERSION = YES;
				CLANG_WARN_CONSTANT_CONVERSION = YES;
				CLANG_WARN_DIRECT_OBJC_ISA_USAGE = YES_ERROR;
				CLANG_WARN_EMPTY_BODY = YES;
				CLANG_WARN_ENUM_CONVERSION = YES;
				CLANG_WARN_INT_CONVERSION = YES;
				CLANG_WARN_OBJC_ROOT_CLASS = YES_ERROR;
				CLANG_WARN_UNREACHABLE_CODE = YES;
				CLANG_WARN__DUPLICATE_METHOD_MATCH = YES;
				"CODE_SIGN_IDENTITY[sdk=iphoneos*]" = "iPhone Developer";
				COPY_PHASE_STRIP = NO;
				DEBUG_INFORMATION_FORMAT = dwarf;
				ENABLE_STRICT_OBJC_MSGSEND = YES;
				ENABLE_TESTABILITY = YES;
				GCC_C_LANGUAGE_STANDARD = gnu99;
				GCC_DYNAMIC_NO_PIC = NO;
				GCC_NO_COMMON_BLOCKS = YES;
				GCC_OPTIMIZATION_LEVEL = 0;
				GCC_PREPROCESSOR_DEFINITIONS = (
					"DEBUG=1",
					"$(inherited)",
				);
				GCC_WARN_64_TO_32_BIT_CONVERSION = YES;
				GCC_WARN_ABOUT_RETURN_TYPE = YES_ERROR;
				GCC_WARN_UNDECLARED_SELECTOR = YES;
				GCC_WARN_UNINITIALIZED_AUTOS = YES_AGGRESSIVE;
				GCC_WARN_UNUSED_FUNCTION = YES;
				GCC_WARN_UNUSED_VARIABLE = YES;
				IPHONEOS_DEPLOYMENT_TARGET = 9.2;
				MTL_ENABLE_DEBUG_INFO = YES;
				ONLY_ACTIVE_ARCH = YES;
				SDKROOT = iphoneos;
				SWIFT_OPTIMIZATION_LEVEL = "-Onone";
			};
			name = Debug;
		};
		EC12F2D91C9AE4E40049028B /* Release */ = {
			isa = XCBuildConfiguration;
			buildSettings = {
				ALWAYS_SEARCH_USER_PATHS = NO;
				CLANG_CXX_LANGUAGE_STANDARD = "gnu++0x";
				CLANG_CXX_LIBRARY = "libc++";
				CLANG_ENABLE_MODULES = YES;
				CLANG_ENABLE_OBJC_ARC = YES;
				CLANG_WARN_BOOL_CONVERSION = YES;
				CLANG_WARN_CONSTANT_CONVERSION = YES;
				CLANG_WARN_DIRECT_OBJC_ISA_USAGE = YES_ERROR;
				CLANG_WARN_EMPTY_BODY = YES;
				CLANG_WARN_ENUM_CONVERSION = YES;
				CLANG_WARN_INT_CONVERSION = YES;
				CLANG_WARN_OBJC_ROOT_CLASS = YES_ERROR;
				CLANG_WARN_UNREACHABLE_CODE = YES;
				CLANG_WARN__DUPLICATE_METHOD_MATCH = YES;
				"CODE_SIGN_IDENTITY[sdk=iphoneos*]" = "iPhone Developer";
				COPY_PHASE_STRIP = NO;
				DEBUG_INFORMATION_FORMAT = "dwarf-with-dsym";
				ENABLE_NS_ASSERTIONS = NO;
				ENABLE_STRICT_OBJC_MSGSEND = YES;
				GCC_C_LANGUAGE_STANDARD = gnu99;
				GCC_NO_COMMON_BLOCKS = YES;
				GCC_WARN_64_TO_32_BIT_CONVERSION = YES;
				GCC_WARN_ABOUT_RETURN_TYPE = YES_ERROR;
				GCC_WARN_UNDECLARED_SELECTOR = YES;
				GCC_WARN_UNINITIALIZED_AUTOS = YES_AGGRESSIVE;
				GCC_WARN_UNUSED_FUNCTION = YES;
				GCC_WARN_UNUSED_VARIABLE = YES;
				IPHONEOS_DEPLOYMENT_TARGET = 9.2;
				MTL_ENABLE_DEBUG_INFO = NO;
				SDKROOT = iphoneos;
				VALIDATE_PRODUCT = YES;
			};
			name = Release;
		};
		EC12F2DB1C9AE4E40049028B /* Debug */ = {
			isa = XCBuildConfiguration;
			buildSettings = {
				ASSETCATALOG_COMPILER_APPICON_NAME = AppIcon;
				INFOPLIST_FILE = FlickrProj/Info.plist;
				LD_RUNPATH_SEARCH_PATHS = "$(inherited) @executable_path/Frameworks";
				PRODUCT_BUNDLE_IDENTIFIER = IsmailElHabbash.FlickrProj;
				PRODUCT_NAME = "$(TARGET_NAME)";
			};
			name = Debug;
		};
		EC12F2DC1C9AE4E40049028B /* Release */ = {
			isa = XCBuildConfiguration;
			buildSettings = {
				ASSETCATALOG_COMPILER_APPICON_NAME = AppIcon;
				INFOPLIST_FILE = FlickrProj/Info.plist;
				LD_RUNPATH_SEARCH_PATHS = "$(inherited) @executable_path/Frameworks";
				PRODUCT_BUNDLE_IDENTIFIER = IsmailElHabbash.FlickrProj;
				PRODUCT_NAME = "$(TARGET_NAME)";
			};
			name = Release;
		};
		EC12F2DE1C9AE4E40049028B /* Debug */ = {
			isa = XCBuildConfiguration;
			buildSettings = {
				BUNDLE_LOADER = "$(TEST_HOST)";
				INFOPLIST_FILE = FlickrProjTests/Info.plist;
				LD_RUNPATH_SEARCH_PATHS = "$(inherited) @executable_path/Frameworks @loader_path/Frameworks";
				PRODUCT_BUNDLE_IDENTIFIER = IsmailElHabbash.FlickrProjTests;
				PRODUCT_NAME = "$(TARGET_NAME)";
				TEST_HOST = "$(BUILT_PRODUCTS_DIR)/FlickrProj.app/FlickrProj";
			};
			name = Debug;
		};
		EC12F2DF1C9AE4E40049028B /* Release */ = {
			isa = XCBuildConfiguration;
			buildSettings = {
				BUNDLE_LOADER = "$(TEST_HOST)";
				INFOPLIST_FILE = FlickrProjTests/Info.plist;
				LD_RUNPATH_SEARCH_PATHS = "$(inherited) @executable_path/Frameworks @loader_path/Frameworks";
				PRODUCT_BUNDLE_IDENTIFIER = IsmailElHabbash.FlickrProjTests;
				PRODUCT_NAME = "$(TARGET_NAME)";
				TEST_HOST = "$(BUILT_PRODUCTS_DIR)/FlickrProj.app/FlickrProj";
			};
			name = Release;
		};
		EC12F2E11C9AE4E40049028B /* Debug */ = {
			isa = XCBuildConfiguration;
			buildSettings = {
				INFOPLIST_FILE = FlickrProjUITests/Info.plist;
				LD_RUNPATH_SEARCH_PATHS = "$(inherited) @executable_path/Frameworks @loader_path/Frameworks";
				PRODUCT_BUNDLE_IDENTIFIER = IsmailElHabbash.FlickrProjUITests;
				PRODUCT_NAME = "$(TARGET_NAME)";
				TEST_TARGET_NAME = FlickrProj;
				USES_XCTRUNNER = YES;
			};
			name = Debug;
		};
		EC12F2E21C9AE4E40049028B /* Release */ = {
			isa = XCBuildConfiguration;
			buildSettings = {
				INFOPLIST_FILE = FlickrProjUITests/Info.plist;
				LD_RUNPATH_SEARCH_PATHS = "$(inherited) @executable_path/Frameworks @loader_path/Frameworks";
				PRODUCT_BUNDLE_IDENTIFIER = IsmailElHabbash.FlickrProjUITests;
				PRODUCT_NAME = "$(TARGET_NAME)";
				TEST_TARGET_NAME = FlickrProj;
				USES_XCTRUNNER = YES;
			};
			name = Release;
		};
/* End XCBuildConfiguration section */

/* Begin XCConfigurationList section */
		EC12F2AD1C9AE4E40049028B /* Build configuration list for PBXProject "FlickrProj" */ = {
			isa = XCConfigurationList;
			buildConfigurations = (
				EC12F2D81C9AE4E40049028B /* Debug */,
				EC12F2D91C9AE4E40049028B /* Release */,
			);
			defaultConfigurationIsVisible = 0;
			defaultConfigurationName = Release;
		};
		EC12F2DA1C9AE4E40049028B /* Build configuration list for PBXNativeTarget "FlickrProj" */ = {
			isa = XCConfigurationList;
			buildConfigurations = (
				EC12F2DB1C9AE4E40049028B /* Debug */,
				EC12F2DC1C9AE4E40049028B /* Release */,
			);
			defaultConfigurationIsVisible = 0;
		};
		EC12F2DD1C9AE4E40049028B /* Build configuration list for PBXNativeTarget "FlickrProjTests" */ = {
			isa = XCConfigurationList;
			buildConfigurations = (
				EC12F2DE1C9AE4E40049028B /* Debug */,
				EC12F2DF1C9AE4E40049028B /* Release */,
			);
			defaultConfigurationIsVisible = 0;
		};
		EC12F2E01C9AE4E40049028B /* Build configuration list for PBXNativeTarget "FlickrProjUITests" */ = {
			isa = XCConfigurationList;
			buildConfigurations = (
				EC12F2E11C9AE4E40049028B /* Debug */,
				EC12F2E21C9AE4E40049028B /* Release */,
			);
			defaultConfigurationIsVisible = 0;
		};
/* End XCConfigurationList section */
	};
	rootObject = EC12F2AA1C9AE4E40049028B /* Project object */;
}
